
Microsoft Visual Studio Solution File, Format Version 12.00
# Visual Studio Version 17
VisualStudioVersion = 17.5.33516.290
MinimumVisualStudioVersion = 10.0.40219.1
Project("{8BC9CEB8-8B4A-11D0-8D11-00A0C91BC942}") = "Doubleinkedlist_148", "Doubleinkedlist_148\Doubleinkedlist_148.vcxproj", "{544F22BB-F41A-4297-8B48-037D8E99B42A}"
EndProject
Global
	GlobalSection(SolutionConfigurationPlatforms) = preSolution
		Debug|x64 = Debug|x64
		Debug|x86 = Debug|x86
		Release|x64 = Release|x64
		Release|x86 = Release|x86
	EndGlobalSection
	GlobalSection(ProjectConfigurationPlatforms) = postSolution
		{544F22BB-F41A-4297-8B48-037D8E99B42A}.Debug|x64.ActiveCfg = Debug|x64
		{544F22BB-F41A-4297-8B48-037D8E99B42A}.Debug|x64.Build.0 = Debug|x64
		{544F22BB-F41A-4297-8B48-037D8E99B42A}.Debug|x86.ActiveCfg = Debug|Win32
		{544F22BB-F41A-4297-8B48-037D8E99B42A}.Debug|x86.Build.0 = Debug|Win32
		{544F22BB-F41A-4297-8B48-037D8E99B42A}.Release|x64.ActiveCfg = Release|x64
		{544F22BB-F41A-4297-8B48-037D8E99B42A}.Release|x64.Build.0 = Release|x64
		{544F22BB-F41A-4297-8B48-037D8E99B42A}.Release|x86.ActiveCfg = Release|Win32
		{544F22BB-F41A-4297-8B48-037D8E99B42A}.Release|x86.Build.0 = Release|Win32
	EndGlobalSection
	GlobalSection(SolutionProperties) = preSolution
		HideSolutionNode = FALSE
	EndGlobalSection
	GlobalSection(ExtensibilityGlobals) = postSolution
		SolutionGuid = {C347347E-9AD2-4CE4-9EF5-C25A34B0A54E}
	EndGlobalSection
EndGlobal
